// !$*UTF8*$!
{
	archiveVersion = 1;
	classes = {
	};
	objectVersion = 48;
	objects = {

/* Begin PBXBuildFile section */
		5B2FEBB29954B1B472B5F8EE /* Pods_SwiftyAWSTests.framework in Frameworks */ = {isa = PBXBuildFile; fileRef = 875FAF283437FBEE6F8FCB6E /* Pods_SwiftyAWSTests.framework */; };
		7C0F796C1FA5639400232E56 /* Video.swift in Sources */ = {isa = PBXBuildFile; fileRef = 7C0F796B1FA5639400232E56 /* Video.swift */; };
		7C0F796E1FA564AF00232E56 /* GeneralExtensions.swift in Sources */ = {isa = PBXBuildFile; fileRef = 7C0F796D1FA564AF00232E56 /* GeneralExtensions.swift */; };
		7C0F79701FA5651E00232E56 /* Image.swift in Sources */ = {isa = PBXBuildFile; fileRef = 7C0F796F1FA5651E00232E56 /* Image.swift */; };
		7C0F79721FA5694D00232E56 /* Other.swift in Sources */ = {isa = PBXBuildFile; fileRef = 7C0F79711FA5694D00232E56 /* Other.swift */; };
		7C0F79751FA5734F00232E56 /* cheetah.jpg in Resources */ = {isa = PBXBuildFile; fileRef = 7C0F79741FA5734F00232E56 /* cheetah.jpg */; };
		7C44AEEC1FA4B896003BC891 /* SwiftyAWS.framework in Frameworks */ = {isa = PBXBuildFile; fileRef = 7C44AEE21FA4B896003BC891 /* SwiftyAWS.framework */; };
		7C44AEF11FA4B896003BC891 /* SwiftyAWSTests.swift in Sources */ = {isa = PBXBuildFile; fileRef = 7C44AEF01FA4B896003BC891 /* SwiftyAWSTests.swift */; };
		7C44AEF31FA4B896003BC891 /* SwiftyAWS.h in Headers */ = {isa = PBXBuildFile; fileRef = 7C44AEE51FA4B896003BC891 /* SwiftyAWS.h */; settings = {ATTRIBUTES = (Public, ); }; };
		7C44AEFD1FA4BBDD003BC891 /* SwiftyAWS.swift in Sources */ = {isa = PBXBuildFile; fileRef = 7C44AEFC1FA4BBDD003BC891 /* SwiftyAWS.swift */; };
		EA3F9EF1334CBF40AFAFF51B /* Pods_SwiftyAWS.framework in Frameworks */ = {isa = PBXBuildFile; fileRef = 9A5EC4020B32D8C50A15A081 /* Pods_SwiftyAWS.framework */; };
/* End PBXBuildFile section */

/* Begin PBXContainerItemProxy section */
		7C44AEED1FA4B896003BC891 /* PBXContainerItemProxy */ = {
			isa = PBXContainerItemProxy;
			containerPortal = 7C44AED91FA4B895003BC891 /* Project object */;
			proxyType = 1;
			remoteGlobalIDString = 7C44AEE11FA4B896003BC891;
			remoteInfo = SwiftyAWS;
		};
/* End PBXContainerItemProxy section */

/* Begin PBXFileReference section */
		0AD9A356F183B3161209C3F1 /* Pods-SwiftyAWSTests.release.xcconfig */ = {isa = PBXFileReference; includeInIndex = 1; lastKnownFileType = text.xcconfig; name = "Pods-SwiftyAWSTests.release.xcconfig"; path = "Pods/Target Support Files/Pods-SwiftyAWSTests/Pods-SwiftyAWSTests.release.xcconfig"; sourceTree = "<group>"; };
		30CEAD6CA94749CAF44D629A /* Pods-SwiftyAWS.debug.xcconfig */ = {isa = PBXFileReference; includeInIndex = 1; lastKnownFileType = text.xcconfig; name = "Pods-SwiftyAWS.debug.xcconfig"; path = "Pods/Target Support Files/Pods-SwiftyAWS/Pods-SwiftyAWS.debug.xcconfig"; sourceTree = "<group>"; };
		7C0F796B1FA5639400232E56 /* Video.swift */ = {isa = PBXFileReference; lastKnownFileType = sourcecode.swift; path = Video.swift; sourceTree = "<group>"; };
		7C0F796D1FA564AF00232E56 /* GeneralExtensions.swift */ = {isa = PBXFileReference; lastKnownFileType = sourcecode.swift; path = GeneralExtensions.swift; sourceTree = "<group>"; };
		7C0F796F1FA5651E00232E56 /* Image.swift */ = {isa = PBXFileReference; lastKnownFileType = sourcecode.swift; path = Image.swift; sourceTree = "<group>"; };
		7C0F79711FA5694D00232E56 /* Other.swift */ = {isa = PBXFileReference; lastKnownFileType = sourcecode.swift; path = Other.swift; sourceTree = "<group>"; };
		7C0F79741FA5734F00232E56 /* cheetah.jpg */ = {isa = PBXFileReference; lastKnownFileType = image.jpeg; path = cheetah.jpg; sourceTree = "<group>"; };
		7C44AEE21FA4B896003BC891 /* SwiftyAWS.framework */ = {isa = PBXFileReference; explicitFileType = wrapper.framework; includeInIndex = 0; path = SwiftyAWS.framework; sourceTree = BUILT_PRODUCTS_DIR; };
		7C44AEE51FA4B896003BC891 /* SwiftyAWS.h */ = {isa = PBXFileReference; lastKnownFileType = sourcecode.c.h; path = SwiftyAWS.h; sourceTree = "<group>"; };
		7C44AEE61FA4B896003BC891 /* Info.plist */ = {isa = PBXFileReference; lastKnownFileType = text.plist.xml; path = Info.plist; sourceTree = "<group>"; };
		7C44AEEB1FA4B896003BC891 /* SwiftyAWSTests.xctest */ = {isa = PBXFileReference; explicitFileType = wrapper.cfbundle; includeInIndex = 0; path = SwiftyAWSTests.xctest; sourceTree = BUILT_PRODUCTS_DIR; };
		7C44AEF01FA4B896003BC891 /* SwiftyAWSTests.swift */ = {isa = PBXFileReference; lastKnownFileType = sourcecode.swift; path = SwiftyAWSTests.swift; sourceTree = "<group>"; };
		7C44AEF21FA4B896003BC891 /* Info.plist */ = {isa = PBXFileReference; lastKnownFileType = text.plist.xml; path = Info.plist; sourceTree = "<group>"; };
		7C44AEFC1FA4BBDD003BC891 /* SwiftyAWS.swift */ = {isa = PBXFileReference; lastKnownFileType = sourcecode.swift; path = SwiftyAWS.swift; sourceTree = "<group>"; };
		7E5EC3081BA913565194A1AC /* Pods-SwiftyAWSTests.debug.xcconfig */ = {isa = PBXFileReference; includeInIndex = 1; lastKnownFileType = text.xcconfig; name = "Pods-SwiftyAWSTests.debug.xcconfig"; path = "Pods/Target Support Files/Pods-SwiftyAWSTests/Pods-SwiftyAWSTests.debug.xcconfig"; sourceTree = "<group>"; };
		875FAF283437FBEE6F8FCB6E /* Pods_SwiftyAWSTests.framework */ = {isa = PBXFileReference; explicitFileType = wrapper.framework; includeInIndex = 0; path = Pods_SwiftyAWSTests.framework; sourceTree = BUILT_PRODUCTS_DIR; };
		9A5EC4020B32D8C50A15A081 /* Pods_SwiftyAWS.framework */ = {isa = PBXFileReference; explicitFileType = wrapper.framework; includeInIndex = 0; path = Pods_SwiftyAWS.framework; sourceTree = BUILT_PRODUCTS_DIR; };
		BB6937EA137BBD0709FAC2B9 /* Pods-SwiftyAWS.release.xcconfig */ = {isa = PBXFileReference; includeInIndex = 1; lastKnownFileType = text.xcconfig; name = "Pods-SwiftyAWS.release.xcconfig"; path = "Pods/Target Support Files/Pods-SwiftyAWS/Pods-SwiftyAWS.release.xcconfig"; sourceTree = "<group>"; };
/* End PBXFileReference section */

/* Begin PBXFrameworksBuildPhase section */
		7C44AEDE1FA4B896003BC891 /* Frameworks */ = {
			isa = PBXFrameworksBuildPhase;
			buildActionMask = 2147483647;
			files = (
				EA3F9EF1334CBF40AFAFF51B /* Pods_SwiftyAWS.framework in Frameworks */,
			);
			runOnlyForDeploymentPostprocessing = 0;
		};
		7C44AEE81FA4B896003BC891 /* Frameworks */ = {
			isa = PBXFrameworksBuildPhase;
			buildActionMask = 2147483647;
			files = (
				7C44AEEC1FA4B896003BC891 /* SwiftyAWS.framework in Frameworks */,
				5B2FEBB29954B1B472B5F8EE /* Pods_SwiftyAWSTests.framework in Frameworks */,
			);
			runOnlyForDeploymentPostprocessing = 0;
		};
/* End PBXFrameworksBuildPhase section */

/* Begin PBXGroup section */
		3B5EAC41D6085290FED61BBA /* Pods */ = {
			isa = PBXGroup;
			children = (
				30CEAD6CA94749CAF44D629A /* Pods-SwiftyAWS.debug.xcconfig */,
				BB6937EA137BBD0709FAC2B9 /* Pods-SwiftyAWS.release.xcconfig */,
				7E5EC3081BA913565194A1AC /* Pods-SwiftyAWSTests.debug.xcconfig */,
				0AD9A356F183B3161209C3F1 /* Pods-SwiftyAWSTests.release.xcconfig */,
			);
			name = Pods;
			sourceTree = "<group>";
		};
		7C44AED81FA4B895003BC891 = {
			isa = PBXGroup;
			children = (
				7C44AEE41FA4B896003BC891 /* SwiftyAWS */,
				7C44AEEF1FA4B896003BC891 /* SwiftyAWSTests */,
				7C44AEE31FA4B896003BC891 /* Products */,
				3B5EAC41D6085290FED61BBA /* Pods */,
				D7EDFB93028BD1D387B10608 /* Frameworks */,
			);
			sourceTree = "<group>";
		};
		7C44AEE31FA4B896003BC891 /* Products */ = {
			isa = PBXGroup;
			children = (
				7C44AEE21FA4B896003BC891 /* SwiftyAWS.framework */,
				7C44AEEB1FA4B896003BC891 /* SwiftyAWSTests.xctest */,
			);
			name = Products;
			sourceTree = "<group>";
		};
		7C44AEE41FA4B896003BC891 /* SwiftyAWS */ = {
			isa = PBXGroup;
			children = (
				7C44AEE51FA4B896003BC891 /* SwiftyAWS.h */,
				7C44AEFC1FA4BBDD003BC891 /* SwiftyAWS.swift */,
				7C0F796F1FA5651E00232E56 /* Image.swift */,
				7C0F796B1FA5639400232E56 /* Video.swift */,
				7C0F79711FA5694D00232E56 /* Other.swift */,
				7C0F796D1FA564AF00232E56 /* GeneralExtensions.swift */,
				7C44AEE61FA4B896003BC891 /* Info.plist */,
			);
			path = SwiftyAWS;
			sourceTree = "<group>";
		};
		7C44AEEF1FA4B896003BC891 /* SwiftyAWSTests */ = {
			isa = PBXGroup;
			children = (
				7C0F79741FA5734F00232E56 /* cheetah.jpg */,
				7C44AEF01FA4B896003BC891 /* SwiftyAWSTests.swift */,
				7C44AEF21FA4B896003BC891 /* Info.plist */,
			);
			path = SwiftyAWSTests;
			sourceTree = "<group>";
		};
		D7EDFB93028BD1D387B10608 /* Frameworks */ = {
			isa = PBXGroup;
			children = (
				9A5EC4020B32D8C50A15A081 /* Pods_SwiftyAWS.framework */,
				875FAF283437FBEE6F8FCB6E /* Pods_SwiftyAWSTests.framework */,
			);
			name = Frameworks;
			sourceTree = "<group>";
		};
/* End PBXGroup section */

/* Begin PBXHeadersBuildPhase section */
		7C44AEDF1FA4B896003BC891 /* Headers */ = {
			isa = PBXHeadersBuildPhase;
			buildActionMask = 2147483647;
			files = (
				7C44AEF31FA4B896003BC891 /* SwiftyAWS.h in Headers */,
			);
			runOnlyForDeploymentPostprocessing = 0;
		};
/* End PBXHeadersBuildPhase section */

/* Begin PBXNativeTarget section */
		7C44AEE11FA4B896003BC891 /* SwiftyAWS */ = {
			isa = PBXNativeTarget;
			buildConfigurationList = 7C44AEF61FA4B896003BC891 /* Build configuration list for PBXNativeTarget "SwiftyAWS" */;
			buildPhases = (
				5BC5D057A8F1BF8E6DC2842E /* [CP] Check Pods Manifest.lock */,
				7C44AEDD1FA4B896003BC891 /* Sources */,
				7C44AEDE1FA4B896003BC891 /* Frameworks */,
				7C44AEDF1FA4B896003BC891 /* Headers */,
				7C44AEE01FA4B896003BC891 /* Resources */,
			);
			buildRules = (
			);
			dependencies = (
			);
			name = SwiftyAWS;
			productName = SwiftyAWS;
			productReference = 7C44AEE21FA4B896003BC891 /* SwiftyAWS.framework */;
			productType = "com.apple.product-type.framework";
		};
		7C44AEEA1FA4B896003BC891 /* SwiftyAWSTests */ = {
			isa = PBXNativeTarget;
			buildConfigurationList = 7C44AEF91FA4B896003BC891 /* Build configuration list for PBXNativeTarget "SwiftyAWSTests" */;
			buildPhases = (
				42F7D6AC5E25847739890E0F /* [CP] Check Pods Manifest.lock */,
				7C44AEE71FA4B896003BC891 /* Sources */,
				7C44AEE81FA4B896003BC891 /* Frameworks */,
				7C44AEE91FA4B896003BC891 /* Resources */,
				2D52B8137C77CDE48BA04B9F /* [CP] Embed Pods Frameworks */,
			);
			buildRules = (
			);
			dependencies = (
				7C44AEEE1FA4B896003BC891 /* PBXTargetDependency */,
			);
			name = SwiftyAWSTests;
			productName = SwiftyAWSTests;
			productReference = 7C44AEEB1FA4B896003BC891 /* SwiftyAWSTests.xctest */;
			productType = "com.apple.product-type.bundle.unit-test";
		};
/* End PBXNativeTarget section */

/* Begin PBXProject section */
		7C44AED91FA4B895003BC891 /* Project object */ = {
			isa = PBXProject;
			attributes = {
				LastSwiftUpdateCheck = 0900;
				LastUpgradeCheck = 0900;
				ORGANIZATIONNAME = Andres;
				TargetAttributes = {
					7C44AEE11FA4B896003BC891 = {
						CreatedOnToolsVersion = 9.0.1;
						LastSwiftMigration = 0900;
						ProvisioningStyle = Automatic;
					};
					7C44AEEA1FA4B896003BC891 = {
						CreatedOnToolsVersion = 9.0.1;
						ProvisioningStyle = Automatic;
					};
				};
			};
			buildConfigurationList = 7C44AEDC1FA4B895003BC891 /* Build configuration list for PBXProject "SwiftyAWS" */;
			compatibilityVersion = "Xcode 8.0";
			developmentRegion = en;
			hasScannedForEncodings = 0;
			knownRegions = (
				en,
			);
			mainGroup = 7C44AED81FA4B895003BC891;
			productRefGroup = 7C44AEE31FA4B896003BC891 /* Products */;
			projectDirPath = "";
			projectRoot = "";
			targets = (
				7C44AEE11FA4B896003BC891 /* SwiftyAWS */,
				7C44AEEA1FA4B896003BC891 /* SwiftyAWSTests */,
			);
		};
/* End PBXProject section */

/* Begin PBXResourcesBuildPhase section */
		7C44AEE01FA4B896003BC891 /* Resources */ = {
			isa = PBXResourcesBuildPhase;
			buildActionMask = 2147483647;
			files = (
			);
			runOnlyForDeploymentPostprocessing = 0;
		};
		7C44AEE91FA4B896003BC891 /* Resources */ = {
			isa = PBXResourcesBuildPhase;
			buildActionMask = 2147483647;
			files = (
				7C0F79751FA5734F00232E56 /* cheetah.jpg in Resources */,
			);
			runOnlyForDeploymentPostprocessing = 0;
		};
/* End PBXResourcesBuildPhase section */

/* Begin PBXShellScriptBuildPhase section */
		2D52B8137C77CDE48BA04B9F /* [CP] Embed Pods Frameworks */ = {
			isa = PBXShellScriptBuildPhase;
			buildActionMask = 2147483647;
			files = (
			);
			inputPaths = (
				"${SRCROOT}/Pods/Target Support Files/Pods-SwiftyAWSTests/Pods-SwiftyAWSTests-frameworks.sh",
				"${BUILT_PRODUCTS_DIR}/AWSCognito/AWSCognito.framework",
				"${BUILT_PRODUCTS_DIR}/AWSCore/AWSCore.framework",
				"${BUILT_PRODUCTS_DIR}/AWSS3/AWSS3.framework",
				"${BUILT_PRODUCTS_DIR}/CryptoSwift/CryptoSwift.framework",
			);
			name = "[CP] Embed Pods Frameworks";
			outputPaths = (
				"${TARGET_BUILD_DIR}/${FRAMEWORKS_FOLDER_PATH}/AWSCognito.framework",
				"${TARGET_BUILD_DIR}/${FRAMEWORKS_FOLDER_PATH}/AWSCore.framework",
				"${TARGET_BUILD_DIR}/${FRAMEWORKS_FOLDER_PATH}/AWSS3.framework",
				"${TARGET_BUILD_DIR}/${FRAMEWORKS_FOLDER_PATH}/CryptoSwift.framework",
			);
			runOnlyForDeploymentPostprocessing = 0;
			shellPath = /bin/sh;
			shellScript = "\"${SRCROOT}/Pods/Target Support Files/Pods-SwiftyAWSTests/Pods-SwiftyAWSTests-frameworks.sh\"\n";
			showEnvVarsInLog = 0;
		};
		42F7D6AC5E25847739890E0F /* [CP] Check Pods Manifest.lock */ = {
			isa = PBXShellScriptBuildPhase;
			buildActionMask = 2147483647;
			files = (
			);
			inputPaths = (
				"${PODS_PODFILE_DIR_PATH}/Podfile.lock",
				"${PODS_ROOT}/Manifest.lock",
			);
			name = "[CP] Check Pods Manifest.lock";
			outputPaths = (
				"$(DERIVED_FILE_DIR)/Pods-SwiftyAWSTests-checkManifestLockResult.txt",
			);
			runOnlyForDeploymentPostprocessing = 0;
			shellPath = /bin/sh;
			shellScript = "diff \"${PODS_PODFILE_DIR_PATH}/Podfile.lock\" \"${PODS_ROOT}/Manifest.lock\" > /dev/null\nif [ $? != 0 ] ; then\n    # print error to STDERR\n    echo \"error: The sandbox is not in sync with the Podfile.lock. Run 'pod install' or update your CocoaPods installation.\" >&2\n    exit 1\nfi\n# This output is used by Xcode 'outputs' to avoid re-running this script phase.\necho \"SUCCESS\" > \"${SCRIPT_OUTPUT_FILE_0}\"\n";
			showEnvVarsInLog = 0;
		};
		5BC5D057A8F1BF8E6DC2842E /* [CP] Check Pods Manifest.lock */ = {
			isa = PBXShellScriptBuildPhase;
			buildActionMask = 2147483647;
			files = (
			);
			inputPaths = (
				"${PODS_PODFILE_DIR_PATH}/Podfile.lock",
				"${PODS_ROOT}/Manifest.lock",
			);
			name = "[CP] Check Pods Manifest.lock";
			outputPaths = (
				"$(DERIVED_FILE_DIR)/Pods-SwiftyAWS-checkManifestLockResult.txt",
			);
			runOnlyForDeploymentPostprocessing = 0;
			shellPath = /bin/sh;
			shellScript = "diff \"${PODS_PODFILE_DIR_PATH}/Podfile.lock\" \"${PODS_ROOT}/Manifest.lock\" > /dev/null\nif [ $? != 0 ] ; then\n    # print error to STDERR\n    echo \"error: The sandbox is not in sync with the Podfile.lock. Run 'pod install' or update your CocoaPods installation.\" >&2\n    exit 1\nfi\n# This output is used by Xcode 'outputs' to avoid re-running this script phase.\necho \"SUCCESS\" > \"${SCRIPT_OUTPUT_FILE_0}\"\n";
			showEnvVarsInLog = 0;
		};
/* End PBXShellScriptBuildPhase section */

/* Begin PBXSourcesBuildPhase section */
		7C44AEDD1FA4B896003BC891 /* Sources */ = {
			isa = PBXSourcesBuildPhase;
			buildActionMask = 2147483647;
			files = (
				7C44AEFD1FA4BBDD003BC891 /* SwiftyAWS.swift in Sources */,
				7C0F79701FA5651E00232E56 /* Image.swift in Sources */,
				7C0F796E1FA564AF00232E56 /* GeneralExtensions.swift in Sources */,
				7C0F79721FA5694D00232E56 /* Other.swift in Sources */,
				7C0F796C1FA5639400232E56 /* Video.swift in Sources */,
			);
			runOnlyForDeploymentPostprocessing = 0;
		};
		7C44AEE71FA4B896003BC891 /* Sources */ = {
			isa = PBXSourcesBuildPhase;
			buildActionMask = 2147483647;
			files = (
				7C44AEF11FA4B896003BC891 /* SwiftyAWSTests.swift in Sources */,
			);
			runOnlyForDeploymentPostprocessing = 0;
		};
/* End PBXSourcesBuildPhase section */

/* Begin PBXTargetDependency section */
		7C44AEEE1FA4B896003BC891 /* PBXTargetDependency */ = {
			isa = PBXTargetDependency;
			target = 7C44AEE11FA4B896003BC891 /* SwiftyAWS */;
			targetProxy = 7C44AEED1FA4B896003BC891 /* PBXContainerItemProxy */;
		};
/* End PBXTargetDependency section */

/* Begin XCBuildConfiguration section */
		7C44AEF41FA4B896003BC891 /* Debug */ = {
			isa = XCBuildConfiguration;
			buildSettings = {
				ALWAYS_SEARCH_USER_PATHS = NO;
				CLANG_ANALYZER_NONNULL = YES;
				CLANG_ANALYZER_NUMBER_OBJECT_CONVERSION = YES_AGGRESSIVE;
				CLANG_CXX_LANGUAGE_STANDARD = "gnu++14";
				CLANG_CXX_LIBRARY = "libc++";
				CLANG_ENABLE_MODULES = YES;
				CLANG_ENABLE_OBJC_ARC = YES;
				CLANG_WARN_BLOCK_CAPTURE_AUTORELEASING = YES;
				CLANG_WARN_BOOL_CONVERSION = YES;
				CLANG_WARN_COMMA = YES;
				CLANG_WARN_CONSTANT_CONVERSION = YES;
				CLANG_WARN_DIRECT_OBJC_ISA_USAGE = YES_ERROR;
				CLANG_WARN_DOCUMENTATION_COMMENTS = YES;
				CLANG_WARN_EMPTY_BODY = YES;
				CLANG_WARN_ENUM_CONVERSION = YES;
				CLANG_WARN_INFINITE_RECURSION = YES;
				CLANG_WARN_INT_CONVERSION = YES;
				CLANG_WARN_NON_LITERAL_NULL_CONVERSION = YES;
				CLANG_WARN_OBJC_LITERAL_CONVERSION = YES;
				CLANG_WARN_OBJC_ROOT_CLASS = YES_ERROR;
				CLANG_WARN_RANGE_LOOP_ANALYSIS = YES;
				CLANG_WARN_STRICT_PROTOTYPES = YES;
				CLANG_WARN_SUSPICIOUS_MOVE = YES;
				CLANG_WARN_UNGUARDED_AVAILABILITY = YES_AGGRESSIVE;
				CLANG_WARN_UNREACHABLE_CODE = YES;
				CLANG_WARN__DUPLICATE_METHOD_MATCH = YES;
				CODE_SIGN_IDENTITY = "iPhone Developer";
				COPY_PHASE_STRIP = NO;
				CURRENT_PROJECT_VERSION = 1;
				DEBUG_INFORMATION_FORMAT = dwarf;
				ENABLE_STRICT_OBJC_MSGSEND = YES;
				ENABLE_TESTABILITY = YES;
				GCC_C_LANGUAGE_STANDARD = gnu11;
				GCC_DYNAMIC_NO_PIC = NO;
				GCC_NO_COMMON_BLOCKS = YES;
				GCC_OPTIMIZATION_LEVEL = 0;
				GCC_PREPROCESSOR_DEFINITIONS = (
					"DEBUG=1",
					"$(inherited)",
				);
				GCC_WARN_64_TO_32_BIT_CONVERSION = YES;
				GCC_WARN_ABOUT_RETURN_TYPE = YES_ERROR;
				GCC_WARN_UNDECLARED_SELECTOR = YES;
				GCC_WARN_UNINITIALIZED_AUTOS = YES_AGGRESSIVE;
				GCC_WARN_UNUSED_FUNCTION = YES;
				GCC_WARN_UNUSED_VARIABLE = YES;
				IPHONEOS_DEPLOYMENT_TARGET = 11.0;
				MTL_ENABLE_DEBUG_INFO = YES;
				ONLY_ACTIVE_ARCH = YES;
				SDKROOT = iphoneos;
				SWIFT_ACTIVE_COMPILATION_CONDITIONS = DEBUG;
				SWIFT_OPTIMIZATION_LEVEL = "-Onone";
				VERSIONING_SYSTEM = "apple-generic";
				VERSION_INFO_PREFIX = "";
			};
			name = Debug;
		};
		7C44AEF51FA4B896003BC891 /* Release */ = {
			isa = XCBuildConfiguration;
			buildSettings = {
				ALWAYS_SEARCH_USER_PATHS = NO;
				CLANG_ANALYZER_NONNULL = YES;
				CLANG_ANALYZER_NUMBER_OBJECT_CONVERSION = YES_AGGRESSIVE;
				CLANG_CXX_LANGUAGE_STANDARD = "gnu++14";
				CLANG_CXX_LIBRARY = "libc++";
				CLANG_ENABLE_MODULES = YES;
				CLANG_ENABLE_OBJC_ARC = YES;
				CLANG_WARN_BLOCK_CAPTURE_AUTORELEASING = YES;
				CLANG_WARN_BOOL_CONVERSION = YES;
				CLANG_WARN_COMMA = YES;
				CLANG_WARN_CONSTANT_CONVERSION = YES;
				CLANG_WARN_DIRECT_OBJC_ISA_USAGE = YES_ERROR;
				CLANG_WARN_DOCUMENTATION_COMMENTS = YES;
				CLANG_WARN_EMPTY_BODY = YES;
				CLANG_WARN_ENUM_CONVERSION = YES;
				CLANG_WARN_INFINITE_RECURSION = YES;
				CLANG_WARN_INT_CONVERSION = YES;
				CLANG_WARN_NON_LITERAL_NULL_CONVERSION = YES;
				CLANG_WARN_OBJC_LITERAL_CONVERSION = YES;
				CLANG_WARN_OBJC_ROOT_CLASS = YES_ERROR;
				CLANG_WARN_RANGE_LOOP_ANALYSIS = YES;
				CLANG_WARN_STRICT_PROTOTYPES = YES;
				CLANG_WARN_SUSPICIOUS_MOVE = YES;
				CLANG_WARN_UNGUARDED_AVAILABILITY = YES_AGGRESSIVE;
				CLANG_WARN_UNREACHABLE_CODE = YES;
				CLANG_WARN__DUPLICATE_METHOD_MATCH = YES;
				CODE_SIGN_IDENTITY = "iPhone Developer";
				COPY_PHASE_STRIP = NO;
				CURRENT_PROJECT_VERSION = 1;
				DEBUG_INFORMATION_FORMAT = "dwarf-with-dsym";
				ENABLE_NS_ASSERTIONS = NO;
				ENABLE_STRICT_OBJC_MSGSEND = YES;
				GCC_C_LANGUAGE_STANDARD = gnu11;
				GCC_NO_COMMON_BLOCKS = YES;
				GCC_WARN_64_TO_32_BIT_CONVERSION = YES;
				GCC_WARN_ABOUT_RETURN_TYPE = YES_ERROR;
				GCC_WARN_UNDECLARED_SELECTOR = YES;
				GCC_WARN_UNINITIALIZED_AUTOS = YES_AGGRESSIVE;
				GCC_WARN_UNUSED_FUNCTION = YES;
				GCC_WARN_UNUSED_VARIABLE = YES;
				IPHONEOS_DEPLOYMENT_TARGET = 11.0;
				MTL_ENABLE_DEBUG_INFO = NO;
				SDKROOT = iphoneos;
				SWIFT_OPTIMIZATION_LEVEL = "-Owholemodule";
				VALIDATE_PRODUCT = YES;
				VERSIONING_SYSTEM = "apple-generic";
				VERSION_INFO_PREFIX = "";
			};
			name = Release;
		};
		7C44AEF71FA4B896003BC891 /* Debug */ = {
			isa = XCBuildConfiguration;
			baseConfigurationReference = 30CEAD6CA94749CAF44D629A /* Pods-SwiftyAWS.debug.xcconfig */;
			buildSettings = {
				CLANG_ENABLE_MODULES = YES;
				CODE_SIGN_IDENTITY = "";
				CODE_SIGN_STYLE = Automatic;
				DEFINES_MODULE = YES;
				DEVELOPMENT_TEAM = NT8XEMLY2Z;
				DYLIB_COMPATIBILITY_VERSION = 1;
				DYLIB_CURRENT_VERSION = 1;
				DYLIB_INSTALL_NAME_BASE = "@rpath";
				INFOPLIST_FILE = SwiftyAWS/Info.plist;
				INSTALL_PATH = "$(LOCAL_LIBRARY_DIR)/Frameworks";
				LD_RUNPATH_SEARCH_PATHS = "$(inherited) @executable_path/Frameworks @loader_path/Frameworks";
				PRODUCT_BUNDLE_IDENTIFIER = com.Andres.SwiftyAWS;
				PRODUCT_NAME = "$(TARGET_NAME:c99extidentifier)";
				SKIP_INSTALL = YES;
				SWIFT_OPTIMIZATION_LEVEL = "-Onone";
				SWIFT_VERSION = 3.0;
				TARGETED_DEVICE_FAMILY = "1,2";
			};
			name = Debug;
		};
		7C44AEF81FA4B896003BC891 /* Release */ = {
			isa = XCBuildConfiguration;
			baseConfigurationReference = BB6937EA137BBD0709FAC2B9 /* Pods-SwiftyAWS.release.xcconfig */;
			buildSettings = {
				CLANG_ENABLE_MODULES = YES;
				CODE_SIGN_IDENTITY = "";
				CODE_SIGN_STYLE = Automatic;
				DEFINES_MODULE = YES;
				DEVELOPMENT_TEAM = NT8XEMLY2Z;
				DYLIB_COMPATIBILITY_VERSION = 1;
				DYLIB_CURRENT_VERSION = 1;
				DYLIB_INSTALL_NAME_BASE = "@rpath";
				INFOPLIST_FILE = SwiftyAWS/Info.plist;
				INSTALL_PATH = "$(LOCAL_LIBRARY_DIR)/Frameworks";
				LD_RUNPATH_SEARCH_PATHS = "$(inherited) @executable_path/Frameworks @loader_path/Frameworks";
				PRODUCT_BUNDLE_IDENTIFIER = com.Andres.SwiftyAWS;
				PRODUCT_NAME = "$(TARGET_NAME:c99extidentifier)";
				SKIP_INSTALL = YES;
				SWIFT_VERSION = 3.0;
				TARGETED_DEVICE_FAMILY = "1,2";
			};
			name = Release;
		};
		7C44AEFA1FA4B896003BC891 /* Debug */ = {
			isa = XCBuildConfiguration;
			baseConfigurationReference = 7E5EC3081BA913565194A1AC /* Pods-SwiftyAWSTests.debug.xcconfig */;
			buildSettings = {
				ALWAYS_EMBED_SWIFT_STANDARD_LIBRARIES = YES;
				CODE_SIGN_STYLE = Automatic;
				DEVELOPMENT_TEAM = NT8XEMLY2Z;
				INFOPLIST_FILE = SwiftyAWSTests/Info.plist;
				LD_RUNPATH_SEARCH_PATHS = "$(inherited) @executable_path/Frameworks @loader_path/Frameworks";
				PRODUCT_BUNDLE_IDENTIFIER = com.Andres.SwiftyAWSTests;
				PRODUCT_NAME = "$(TARGET_NAME)";
				SWIFT_VERSION = 4.0;
				TARGETED_DEVICE_FAMILY = "1,2";
			};
			name = Debug;
		};
		7C44AEFB1FA4B896003BC891 /* Release */ = {
			isa = XCBuildConfiguration;
			baseConfigurationReference = 0AD9A356F183B3161209C3F1 /* Pods-SwiftyAWSTests.release.xcconfig */;
			buildSettings = {
				ALWAYS_EMBED_SWIFT_STANDARD_LIBRARIES = YES;
				CODE_SIGN_STYLE = Automatic;
				DEVELOPMENT_TEAM = NT8XEMLY2Z;
				INFOPLIST_FILE = SwiftyAWSTests/Info.plist;
				LD_RUNPATH_SEARCH_PATHS = "$(inherited) @executable_path/Frameworks @loader_path/Frameworks";
				PRODUCT_BUNDLE_IDENTIFIER = com.Andres.SwiftyAWSTests;
				PRODUCT_NAME = "$(TARGET_NAME)";
				SWIFT_VERSION = 4.0;
				TARGETED_DEVICE_FAMILY = "1,2";
			};
			name = Release;
		};
/* End XCBuildConfiguration section */

/* Begin XCConfigurationList section */
		7C44AEDC1FA4B895003BC891 /* Build configuration list for PBXProject "SwiftyAWS" */ = {
			isa = XCConfigurationList;
			buildConfigurations = (
				7C44AEF41FA4B896003BC891 /* Debug */,
				7C44AEF51FA4B896003BC891 /* Release */,
			);
			defaultConfigurationIsVisible = 0;
			defaultConfigurationName = Release;
		};
		7C44AEF61FA4B896003BC891 /* Build configuration list for PBXNativeTarget "SwiftyAWS" */ = {
			isa = XCConfigurationList;
			buildConfigurations = (
				7C44AEF71FA4B896003BC891 /* Debug */,
				7C44AEF81FA4B896003BC891 /* Release */,
			);
			defaultConfigurationIsVisible = 0;
			defaultConfigurationName = Release;
		};
		7C44AEF91FA4B896003BC891 /* Build configuration list for PBXNativeTarget "SwiftyAWSTests" */ = {
			isa = XCConfigurationList;
			buildConfigurations = (
				7C44AEFA1FA4B896003BC891 /* Debug */,
				7C44AEFB1FA4B896003BC891 /* Release */,
			);
			defaultConfigurationIsVisible = 0;
			defaultConfigurationName = Release;
		};
/* End XCConfigurationList section */
	};
	rootObject = 7C44AED91FA4B895003BC891 /* Project object */;
}
